
Microsoft Visual Studio Solution File, Format Version 12.00
# Visual Studio 15
VisualStudioVersion = 15.0.28307.168
MinimumVisualStudioVersion = 10.0.40219.1
Project("{FAE04EC0-301F-11D3-BF4B-00C04F79EFBC}") = "TotalHealth_Project", "TotalHealth_Project\TotalHealth_Project.csproj", "{372E66F9-E6D9-4858-B11E-E3A37170035E}"
EndProject
Global
	GlobalSection(SolutionConfigurationPlatforms) = preSolution
		Debug|Any CPU = Debug|Any CPU
		Release|Any CPU = Release|Any CPU
	EndGlobalSection
	GlobalSection(ProjectConfigurationPlatforms) = postSolution
		{372E66F9-E6D9-4858-B11E-E3A37170035E}.Debug|Any CPU.ActiveCfg = Debug|Any CPU
		{372E66F9-E6D9-4858-B11E-E3A37170035E}.Debug|Any CPU.Build.0 = Debug|Any CPU
		{372E66F9-E6D9-4858-B11E-E3A37170035E}.Release|Any CPU.ActiveCfg = Release|Any CPU
		{372E66F9-E6D9-4858-B11E-E3A37170035E}.Release|Any CPU.Build.0 = Release|Any CPU
	EndGlobalSection
	GlobalSection(SolutionProperties) = preSolution
		HideSolutionNode = FALSE
	EndGlobalSection
	GlobalSection(ExtensibilityGlobals) = postSolution
		SolutionGuid = {248DBE27-E572-4ECD-9660-5EB6839D721F}
	EndGlobalSection
EndGlobal
